
Microsoft Visual Studio Solution File, Format Version 12.00
Project("{FAE04EC0-301F-11D3-BF4B-00C04F79EFBC}") = "WebApp", "WebApp\WebApp.csproj", "{9B1D1692-43A1-40FE-ABFD-98F8F0E831AF}"
EndProject
Project("{2150E333-8FDC-42A3-9474-1A3956D46DE8}") = "2_Base", "2_Base", "{1603D9E3-85DB-4F42-B9C2-BDD36AB86278}"
EndProject
Project("{FAE04EC0-301F-11D3-BF4B-00C04F79EFBC}") = "Base.Contracts.Domain", "Base.Contracts.Domain\Base.Contracts.Domain.csproj", "{852350CA-E93C-4AE5-B6BA-DAAC239D451F}"
EndProject
Project("{FAE04EC0-301F-11D3-BF4B-00C04F79EFBC}") = "Base.Domain", "Base.Domain\Base.Domain.csproj", "{0174840C-DC0F-4164-80A2-4A50FB124A8F}"
EndProject
Project("{2150E333-8FDC-42A3-9474-1A3956D46DE8}") = "0_Solution_Items", "0_Solution_Items", "{283575A0-AF8E-4AA3-8849-F65FE56AED3F}"
	ProjectSection(SolutionItems) = preProject
		Directory.Build.props = Directory.Build.props
		.gitignore = .gitignore
		README.md = README.md
		docker-compose.yml = docker-compose.yml
	EndProjectSection
EndProject
Project("{2150E333-8FDC-42A3-9474-1A3956D46DE8}") = "1_App", "1_App", "{F7A89042-EFE5-4C01-A71C-F399B62E6D00}"
EndProject
Project("{FAE04EC0-301F-11D3-BF4B-00C04F79EFBC}") = "App.Domain", "App.Domain\App.Domain.csproj", "{E7140340-C635-4D09-AEAF-9A02580DF16A}"
EndProject
Project("{FAE04EC0-301F-11D3-BF4B-00C04F79EFBC}") = "App.Enums", "App.Enums\App.Enums.csproj", "{52055F72-DBFF-4641-A1A6-8FCB906EB98F}"
EndProject
Project("{FAE04EC0-301F-11D3-BF4B-00C04F79EFBC}") = "App.DAL.EF", "App.DAL.EF\App.DAL.EF.csproj", "{7B5584D3-80E8-44BA-839F-E42639DF742C}"
EndProject
Project("{FAE04EC0-301F-11D3-BF4B-00C04F79EFBC}") = "Base.Contracts.DAL", "Base.Contracts.DAL\Base.Contracts.DAL.csproj", "{4555C4AF-459E-492C-9C84-5CEE7D90C251}"
EndProject
Project("{FAE04EC0-301F-11D3-BF4B-00C04F79EFBC}") = "Base.DAL.EF", "Base.DAL.EF\Base.DAL.EF.csproj", "{4CCC93D0-EDE6-44FD-8A28-EB48A28A6127}"
EndProject
Project("{FAE04EC0-301F-11D3-BF4B-00C04F79EFBC}") = "App.Contracts.DAL", "App.Contracts.DAL\App.Contracts.DAL.csproj", "{7533D163-7FD3-44DE-838D-2855B6F2DC02}"
EndProject
Project("{FAE04EC0-301F-11D3-BF4B-00C04F79EFBC}") = "Helpers", "Helpers\Helpers.csproj", "{17ED0F5C-9483-4816-9564-F88D6AA5FCA9}"
EndProject
Project("{FAE04EC0-301F-11D3-BF4B-00C04F79EFBC}") = "App.DTO", "App.DTO\App.DTO.csproj", "{DCB6560C-E9E8-449F-B5C4-9DEFE2908071}"
EndProject
Project("{FAE04EC0-301F-11D3-BF4B-00C04F79EFBC}") = "App.DAL.DTO", "App.DAL.DTO\App.DAL.DTO.csproj", "{AC8521C9-B37D-4559-B8B0-C4D72CE2A0D7}"
EndProject
Global
	GlobalSection(SolutionConfigurationPlatforms) = preSolution
		Debug|Any CPU = Debug|Any CPU
		Release|Any CPU = Release|Any CPU
	EndGlobalSection
	GlobalSection(ProjectConfigurationPlatforms) = postSolution
		{9B1D1692-43A1-40FE-ABFD-98F8F0E831AF}.Debug|Any CPU.ActiveCfg = Debug|Any CPU
		{9B1D1692-43A1-40FE-ABFD-98F8F0E831AF}.Debug|Any CPU.Build.0 = Debug|Any CPU
		{9B1D1692-43A1-40FE-ABFD-98F8F0E831AF}.Release|Any CPU.ActiveCfg = Release|Any CPU
		{9B1D1692-43A1-40FE-ABFD-98F8F0E831AF}.Release|Any CPU.Build.0 = Release|Any CPU
		{852350CA-E93C-4AE5-B6BA-DAAC239D451F}.Debug|Any CPU.ActiveCfg = Debug|Any CPU
		{852350CA-E93C-4AE5-B6BA-DAAC239D451F}.Debug|Any CPU.Build.0 = Debug|Any CPU
		{852350CA-E93C-4AE5-B6BA-DAAC239D451F}.Release|Any CPU.ActiveCfg = Release|Any CPU
		{852350CA-E93C-4AE5-B6BA-DAAC239D451F}.Release|Any CPU.Build.0 = Release|Any CPU
		{0174840C-DC0F-4164-80A2-4A50FB124A8F}.Debug|Any CPU.ActiveCfg = Debug|Any CPU
		{0174840C-DC0F-4164-80A2-4A50FB124A8F}.Debug|Any CPU.Build.0 = Debug|Any CPU
		{0174840C-DC0F-4164-80A2-4A50FB124A8F}.Release|Any CPU.ActiveCfg = Release|Any CPU
		{0174840C-DC0F-4164-80A2-4A50FB124A8F}.Release|Any CPU.Build.0 = Release|Any CPU
		{E7140340-C635-4D09-AEAF-9A02580DF16A}.Debug|Any CPU.ActiveCfg = Debug|Any CPU
		{E7140340-C635-4D09-AEAF-9A02580DF16A}.Debug|Any CPU.Build.0 = Debug|Any CPU
		{E7140340-C635-4D09-AEAF-9A02580DF16A}.Release|Any CPU.ActiveCfg = Release|Any CPU
		{E7140340-C635-4D09-AEAF-9A02580DF16A}.Release|Any CPU.Build.0 = Release|Any CPU
		{52055F72-DBFF-4641-A1A6-8FCB906EB98F}.Debug|Any CPU.ActiveCfg = Debug|Any CPU
		{52055F72-DBFF-4641-A1A6-8FCB906EB98F}.Debug|Any CPU.Build.0 = Debug|Any CPU
		{52055F72-DBFF-4641-A1A6-8FCB906EB98F}.Release|Any CPU.ActiveCfg = Release|Any CPU
		{52055F72-DBFF-4641-A1A6-8FCB906EB98F}.Release|Any CPU.Build.0 = Release|Any CPU
		{7B5584D3-80E8-44BA-839F-E42639DF742C}.Debug|Any CPU.ActiveCfg = Debug|Any CPU
		{7B5584D3-80E8-44BA-839F-E42639DF742C}.Debug|Any CPU.Build.0 = Debug|Any CPU
		{7B5584D3-80E8-44BA-839F-E42639DF742C}.Release|Any CPU.ActiveCfg = Release|Any CPU
		{7B5584D3-80E8-44BA-839F-E42639DF742C}.Release|Any CPU.Build.0 = Release|Any CPU
		{4555C4AF-459E-492C-9C84-5CEE7D90C251}.Debug|Any CPU.ActiveCfg = Debug|Any CPU
		{4555C4AF-459E-492C-9C84-5CEE7D90C251}.Debug|Any CPU.Build.0 = Debug|Any CPU
		{4555C4AF-459E-492C-9C84-5CEE7D90C251}.Release|Any CPU.ActiveCfg = Release|Any CPU
		{4555C4AF-459E-492C-9C84-5CEE7D90C251}.Release|Any CPU.Build.0 = Release|Any CPU
		{4CCC93D0-EDE6-44FD-8A28-EB48A28A6127}.Debug|Any CPU.ActiveCfg = Debug|Any CPU
		{4CCC93D0-EDE6-44FD-8A28-EB48A28A6127}.Debug|Any CPU.Build.0 = Debug|Any CPU
		{4CCC93D0-EDE6-44FD-8A28-EB48A28A6127}.Release|Any CPU.ActiveCfg = Release|Any CPU
		{4CCC93D0-EDE6-44FD-8A28-EB48A28A6127}.Release|Any CPU.Build.0 = Release|Any CPU
		{7533D163-7FD3-44DE-838D-2855B6F2DC02}.Debug|Any CPU.ActiveCfg = Debug|Any CPU
		{7533D163-7FD3-44DE-838D-2855B6F2DC02}.Debug|Any CPU.Build.0 = Debug|Any CPU
		{7533D163-7FD3-44DE-838D-2855B6F2DC02}.Release|Any CPU.ActiveCfg = Release|Any CPU
		{7533D163-7FD3-44DE-838D-2855B6F2DC02}.Release|Any CPU.Build.0 = Release|Any CPU
		{17ED0F5C-9483-4816-9564-F88D6AA5FCA9}.Debug|Any CPU.ActiveCfg = Debug|Any CPU
		{17ED0F5C-9483-4816-9564-F88D6AA5FCA9}.Debug|Any CPU.Build.0 = Debug|Any CPU
		{17ED0F5C-9483-4816-9564-F88D6AA5FCA9}.Release|Any CPU.ActiveCfg = Release|Any CPU
		{17ED0F5C-9483-4816-9564-F88D6AA5FCA9}.Release|Any CPU.Build.0 = Release|Any CPU
		{DCB6560C-E9E8-449F-B5C4-9DEFE2908071}.Debug|Any CPU.ActiveCfg = Debug|Any CPU
		{DCB6560C-E9E8-449F-B5C4-9DEFE2908071}.Debug|Any CPU.Build.0 = Debug|Any CPU
		{DCB6560C-E9E8-449F-B5C4-9DEFE2908071}.Release|Any CPU.ActiveCfg = Release|Any CPU
		{DCB6560C-E9E8-449F-B5C4-9DEFE2908071}.Release|Any CPU.Build.0 = Release|Any CPU
		{AC8521C9-B37D-4559-B8B0-C4D72CE2A0D7}.Debug|Any CPU.ActiveCfg = Debug|Any CPU
		{AC8521C9-B37D-4559-B8B0-C4D72CE2A0D7}.Debug|Any CPU.Build.0 = Debug|Any CPU
		{AC8521C9-B37D-4559-B8B0-C4D72CE2A0D7}.Release|Any CPU.ActiveCfg = Release|Any CPU
		{AC8521C9-B37D-4559-B8B0-C4D72CE2A0D7}.Release|Any CPU.Build.0 = Release|Any CPU
	EndGlobalSection
	GlobalSection(NestedProjects) = preSolution
		{852350CA-E93C-4AE5-B6BA-DAAC239D451F} = {1603D9E3-85DB-4F42-B9C2-BDD36AB86278}
		{0174840C-DC0F-4164-80A2-4A50FB124A8F} = {1603D9E3-85DB-4F42-B9C2-BDD36AB86278}
		{9B1D1692-43A1-40FE-ABFD-98F8F0E831AF} = {F7A89042-EFE5-4C01-A71C-F399B62E6D00}
		{E7140340-C635-4D09-AEAF-9A02580DF16A} = {F7A89042-EFE5-4C01-A71C-F399B62E6D00}
		{52055F72-DBFF-4641-A1A6-8FCB906EB98F} = {F7A89042-EFE5-4C01-A71C-F399B62E6D00}
		{7B5584D3-80E8-44BA-839F-E42639DF742C} = {F7A89042-EFE5-4C01-A71C-F399B62E6D00}
		{4555C4AF-459E-492C-9C84-5CEE7D90C251} = {1603D9E3-85DB-4F42-B9C2-BDD36AB86278}
		{4CCC93D0-EDE6-44FD-8A28-EB48A28A6127} = {1603D9E3-85DB-4F42-B9C2-BDD36AB86278}
		{7533D163-7FD3-44DE-838D-2855B6F2DC02} = {F7A89042-EFE5-4C01-A71C-F399B62E6D00}
		{17ED0F5C-9483-4816-9564-F88D6AA5FCA9} = {1603D9E3-85DB-4F42-B9C2-BDD36AB86278}
		{DCB6560C-E9E8-449F-B5C4-9DEFE2908071} = {F7A89042-EFE5-4C01-A71C-F399B62E6D00}
		{AC8521C9-B37D-4559-B8B0-C4D72CE2A0D7} = {F7A89042-EFE5-4C01-A71C-F399B62E6D00}
	EndGlobalSection
EndGlobal
